
Microsoft Visual Studio Solution File, Format Version 12.00
# Visual Studio 15
VisualStudioVersion = 15.0.28307.572
MinimumVisualStudioVersion = 10.0.40219.1
Project("{FAE04EC0-301F-11D3-BF4B-00C04F79EFBC}") = "MyMath", "MyMath\MyMath.csproj", "{43E015DB-834B-42CA-8A5F-FF1F43979F1A}"
EndProject
Project("{FAE04EC0-301F-11D3-BF4B-00C04F79EFBC}") = "MathTests", "MathTests\MathTests.csproj", "{07B97A1B-B894-496B-90EE-4F1EA65D8148}"
EndProject
Global
	GlobalSection(SolutionConfigurationPlatforms) = preSolution
		Debug|Any CPU = Debug|Any CPU
		Release|Any CPU = Release|Any CPU
	EndGlobalSection
	GlobalSection(ProjectConfigurationPlatforms) = postSolution
		{43E015DB-834B-42CA-8A5F-FF1F43979F1A}.Debug|Any CPU.ActiveCfg = Debug|Any CPU
		{43E015DB-834B-42CA-8A5F-FF1F43979F1A}.Debug|Any CPU.Build.0 = Debug|Any CPU
		{43E015DB-834B-42CA-8A5F-FF1F43979F1A}.Release|Any CPU.ActiveCfg = Release|Any CPU
		{43E015DB-834B-42CA-8A5F-FF1F43979F1A}.Release|Any CPU.Build.0 = Release|Any CPU
		{07B97A1B-B894-496B-90EE-4F1EA65D8148}.Debug|Any CPU.ActiveCfg = Debug|Any CPU
		{07B97A1B-B894-496B-90EE-4F1EA65D8148}.Debug|Any CPU.Build.0 = Debug|Any CPU
		{07B97A1B-B894-496B-90EE-4F1EA65D8148}.Release|Any CPU.ActiveCfg = Release|Any CPU
		{07B97A1B-B894-496B-90EE-4F1EA65D8148}.Release|Any CPU.Build.0 = Release|Any CPU
	EndGlobalSection
	GlobalSection(SolutionProperties) = preSolution
		HideSolutionNode = FALSE
	EndGlobalSection
	GlobalSection(ExtensibilityGlobals) = postSolution
		SolutionGuid = {F4FCC4F4-898A-441B-B14E-9D1BB2FED7EF}
	EndGlobalSection
EndGlobal
